{
  "name": "amap-plugins-types",
  "version": "1.0.0",
  "lockfileVersion": 1,
  "requires": true,
  "dependencies": {
    "@amap/amap-jsapi-types": {
      "version": "0.0.8",
      "resolved": "https://registry.npmjs.org/@amap/amap-jsapi-types/-/amap-jsapi-types-0.0.8.tgz",
      "integrity": "sha512-q0FyZDIJcXjsMLGc3oS9rjfJsErOvt9rcp6AgzY4k14vo7bBhdq4eKwoSdVp/pYjR/rfaKBns5v10ycZOFwf/A=="
    }
  }
}
